schema: '2.0'
stages:
  download_videos:
    cmd: python3 src/download_videos_from_db.py params.yaml
    outs:
    - path: data/artie_videos
      md5: 285757fa3295e690d0a3fd2730e4a055.dir
      size: 166163587
      nfiles: 413
  bilstm_preprocess:
    cmd: python3 src/bilstm_preprocess.py
  data_augmentation:
    cmd: python3 src/bilstm_preprocess.py params.yaml
    outs:
    - path: data/CK_Augmented/emotions.csv
      md5: e29d393599e5bb4eb2e766ffabd3974e
      size: 2547359
  normalization:
    cmd: python3 src/normalization.py params.yaml
    deps:
    - path: data/CK_Augmented/emotions.csv
      md5: e29d393599e5bb4eb2e766ffabd3974e
      size: 2547359
