schema: '2.0'
stages:
  download:
    cmd: python3 src/download.py params.yaml
    outs:
    - path: data/CK+
      md5: e1c8b38aa6b547b44be89d1ae6bdd233.dir
      size: 1666260883
      nfiles: 10731
    - path: data/FER2013
      md5: 8951f54b0c9f75c74db0a1ce61c78bc5.dir
      size: 56516337
      nfiles: 35888
    - path: data/LirisChildren
      md5: 42e81046821beb33cf76a779c9f3a383.dir
      size: 458015053
      nfiles: 208
  download_videos:
    cmd: python src/download_videos_from_db.py params.yaml
    outs:
    - path: data/artie_videos
      md5: 285757fa3295e690d0a3fd2730e4a055.dir
      size: 166163587
      nfiles: 413
  data_augmentation:
    cmd: python3 src/bilstm_data_augmentation.py params.yaml
    deps:
    - path: data/CK+
      md5: e1c8b38aa6b547b44be89d1ae6bdd233.dir
      size: 1666260883
      nfiles: 10731
    - path: data/FER2013
      md5: 8951f54b0c9f75c74db0a1ce61c78bc5.dir
      size: 56516337
      nfiles: 35888
    - path: data/LirisChildren
      md5: 42e81046821beb33cf76a779c9f3a383.dir
      size: 458015053
      nfiles: 208
    outs:
    - path: data/CK_Augmented/CK+_augmented
      md5: 1d20a9027b0ab0b5e5b1c23297636f6d.dir
      size: 148581874
      nfiles: 2616
  normalization:
    cmd: python3 src/normalization.py params.yaml
    deps:
    - path: data/CK_Augmented/CK+_augmented
      md5: 1d20a9027b0ab0b5e5b1c23297636f6d.dir
      size: 148581874
      nfiles: 2616
    outs:
    - path: data/normalization
      md5: ad61a5174dde85bf22425674e50130ed.dir
      size: 106715976
      nfiles: 64155
  training:
    cmd: python3 src/training.py params.yaml
    deps:
    - path: data/normalization
      md5: ad61a5174dde85bf22425674e50130ed.dir
      size: 106715976
      nfiles: 64155
    params:
      params.yaml:
        training.batch_size: 64
        training.epochs: 100
        training.structure_layers:
        - CONV2D
        - CONV2D
        - MAXPOOLING2D
        - DROPOUT
        - CONV2D
        - CONV2D
        - MAXPOOLING2D
        - DROPOUT
        - CONV2D
        - CONV2D
        - MAXPOOLING2D
        - DROPOUT
        - FLATTEN
        - DENSE
        - DROPOUT
        - DENSE
        - DROPOUT
        - DENSE
        training.structure_values:
        - - 64
          - 3
          - 3
          - relu
          - valid
        - - 64
          - 3
          - 3
          - relu
          - valid
        - - 2
          - 2
          - 2
          - 2
        - - 0.5
        - - 64
          - 3
          - 3
          - relu
          - valid
        - - 64
          - 3
          - 3
          - relu
          - valid
        - - 2
          - 2
          - 2
          - 2
        - - 0.5
        - - 128
          - 3
          - 3
          - relu
          - valid
        - - 128
          - 3
          - 3
          - relu
          - valid
        - - 2
          - 2
          - 2
          - 2
        - - 0.5
        - []
        - - 1024
          - relu
          - valid
        - - 0.2
        - - 1024
          - relu
          - valid
        - - 0.2
        - - 8
          - softmax
        training.train_percentage: 0.75
    outs:
    - path: metrics/accuracy.csv
      md5: 76d6adf4267bd70e8f3fc64188747e14
      size: 1561
    - path: metrics/false_negatives.csv
      md5: 2f7586d90c88a8717b8446e2e243735f
      size: 793
    - path: metrics/false_positives.csv
      md5: d0069c8ff879e8522f357989094692e9
      size: 722
    - path: metrics/loss.csv
      md5: 17c1cf92dc358b2e821af9efe47fbc46
      size: 1548
    - path: metrics/mean_io_u.csv
      md5: 79b586a0c0c5e4898d8aa7d767233a46
      size: 716
    - path: metrics/precision.csv
      md5: 211532a63ff6aefe08192625f4b9f604
      size: 1558
    - path: metrics/precision_at_recall.csv
      md5: ec0f5bf0906ae8d8559eb6aa148fc5ce
      size: 1571
    - path: metrics/recall.csv
      md5: ea49414bc06d77fbcc4c4c076dff7c7c
      size: 1590
    - path: metrics/scores.json
      md5: 879bdefa56d21e587b2ea13e89df1489
      size: 2135
    - path: metrics/sensitivity_at_specificity.csv
      md5: 5fe578833d03e7488994ae8cb9f2fa73
      size: 1580
    - path: metrics/specificity_at_sensitivity.csv
      md5: c9be2103f20d7631991441fe8d27ff9a
      size: 1577
    - path: metrics/true_negatives.csv
      md5: 62458d80bd0965320c797f14b9ffe1e2
      size: 863
    - path: metrics/true_positives.csv
      md5: 3b0f0b0b42d38ba9d4f56c98a84bd943
      size: 790
    - path: metrics/val_loss.csv
      md5: 83be95a159f7209a72500b1f67aa2caf
      size: 1611
    - path: model/fer.json
      md5: 3d32cda2e6109d41f4bb0fb8e264ecff
      size: 9337
