schema: '2.0'
stages:
  download:
    cmd: python3 src/download.py params.yaml
    outs:
    - path: data/CK+
      hash: md5
      md5: 3292f93fa3bb11d5190ef8be60e17e75.dir
      size: 1666111287
      nfiles: 10708
    - path: data/FER2013
      hash: md5
      md5: 3a60a2cf7073f0e142e1fc108e6f7949.dir
      size: 56510189
      nfiles: 35887
    - path: data/LirisChildren
      md5: 42e81046821beb33cf76a779c9f3a383.dir
      size: 458015053
      nfiles: 208
  download_videos:
    cmd: python src/download_videos_from_db.py params.yaml
    outs:
    - path: data/artie_videos
      md5: 285757fa3295e690d0a3fd2730e4a055.dir
      size: 166163587
      nfiles: 413
  data_augmentation:
    cmd: python3 src/bilstm_data_augmentation.py params.yaml
    deps:
    - path: data/CK+
      hash: md5
      md5: 3292f93fa3bb11d5190ef8be60e17e75.dir
      size: 1666111287
      nfiles: 10708
    - path: data/FER2013
      hash: md5
      md5: 3a60a2cf7073f0e142e1fc108e6f7949.dir
      size: 56510189
      nfiles: 35887
    - path: data/LirisChildren
      md5: 42e81046821beb33cf76a779c9f3a383.dir
      size: 458015053
      nfiles: 208
    outs:
    - path: data/CK_Augmented/CK+_augmented
      hash: md5
      md5: 949ae383870de5fe7acf3e87568983b6.dir
      size: 174940995
      nfiles: 2616
  normalization:
    cmd: python3 src/normalization.py params.yaml
    deps:
    - path: data/CK_Augmented/CK+_augmented
      hash: md5
      md5: 949ae383870de5fe7acf3e87568983b6.dir
      size: 174940995
      nfiles: 2616
    outs:
    - path: data/normalization
      hash: md5
      md5: 00c7b4e849cc5ddf719c9b32fa40fac6.dir
      size: 150210397
      nfiles: 89822
  training:
    cmd: python3 src/training.py params.yaml
    deps:
    - path: data/normalization
      hash: md5
      md5: 00c7b4e849cc5ddf719c9b32fa40fac6.dir
      size: 150210397
      nfiles: 89822
    params:
      params.yaml:
        training.batch_size: 32
        training.early_stopping_patience: 100
        training.epochs: 1
        training.optimizer: ADAM
        training.show_summary: true
        training.structure_layers:
        - CONV2D
        - CONV2D
        - MAXPOOLING2D
        - DROPOUT
        - CONV2D
        - CONV2D
        - MAXPOOLING2D
        - DROPOUT
        - CONV2D
        - CONV2D
        - MAXPOOLING2D
        - DROPOUT
        - FLATTEN
        - DENSE
        - DROPOUT
        - DENSE
        - DROPOUT
        - DENSE
        training.structure_values:
        - - 64
          - 3
          - 3
          - relu
          - same
        - - 64
          - 3
          - 3
          - relu
          - same
        - - 2
          - 2
          - 2
          - 2
        - - 0.5
        - - 64
          - 3
          - 3
          - relu
          - same
        - - 64
          - 3
          - 3
          - relu
          - same
        - - 2
          - 2
          - 2
          - 2
        - - 0.5
        - - 128
          - 3
          - 3
          - relu
          - same
        - - 128
          - 3
          - 3
          - relu
          - same
        - - 2
          - 2
          - 2
          - 2
        - - 0.5
        - []
        - - 1024
          - relu
          - same
        - - 0.2
        - - 1024
          - relu
          - same
        - - 0.2
        - - 8
          - softmax
        training.train_percentage: 0.7
        training.transfer_learning: false
    outs:
    - path: metrics/accuracy.csv
      hash: md5
      md5: 0860951386623044cf8859b088722291
      size: 36
    - path: metrics/false_negatives.csv
      hash: md5
      md5: 7fbdcd7c940f555d8e5ba0160601107c
      size: 32
    - path: metrics/false_positives.csv
      hash: md5
      md5: 36aa0a834543fbb8a3e94704fb0eeea5
      size: 29
    - path: metrics/loss.csv
      hash: md5
      md5: ca352c00a934889442c8fdd2bac260f1
      size: 32
    - path: metrics/mean_io_u.csv
      hash: md5
      md5: dabe4a30fcbd0e53c97dbec1beff2b79
      size: 25
    - path: metrics/precision.csv
      hash: md5
      md5: 4f8e7b960b3c410f1bb9392bea1a92fd
      size: 36
    - path: metrics/precision_at_recall.csv
      hash: md5
      md5: 4cb3aa40bfd2e04dda8dfbfd436e4a3f
      size: 48
    - path: metrics/recall.csv
      hash: md5
      md5: a51c5ccf101d782525f403898299e95a
      size: 38
    - path: metrics/scores.json
      hash: md5
      md5: 7b15658c523374f53b11ca134a07bb43
      size: 439
    - path: metrics/sensitivity_at_specificity.csv
      hash: md5
      md5: 00460a80a3cadd1627221a8877b122e7
      size: 54
    - path: metrics/specificity_at_sensitivity.csv
      hash: md5
      md5: 3dcc3f7f71b12cc7457524e15fb87956
      size: 54
    - path: metrics/true_negatives.csv
      hash: md5
      md5: ff41edb1345a300f6c6cbd4efb95a919
      size: 32
    - path: metrics/true_positives.csv
      hash: md5
      md5: 0d8f245ae3f5fcfd0fddc766b4ad85cb
      size: 27
    - path: metrics/val_loss.csv
      hash: md5
      md5: 60a53335594919ce194bcd716462681f
      size: 36
    - path: model/fer.json
      md5: f5aae1d58b95e109b93223a0170a29db
      size: 9340
